
Microsoft Visual Studio Solution File, Format Version 12.00
# Visual Studio Version 17
VisualStudioVersion = 17.11.35312.102
MinimumVisualStudioVersion = 10.0.40219.1
Project("{9A19103F-16F7-4668-BE54-9A1E7A4F7556}") = "AntArena.Domain", "AntArena.Domain\AntArena.Domain.csproj", "{24EA3BD1-066F-4001-A029-CC79256D2795}"
EndProject
Project("{9A19103F-16F7-4668-BE54-9A1E7A4F7556}") = "AntArena.Infrastructure", "AntArena.Infrastructure\AntArena.Infrastructure.csproj", "{EDB2C2EB-BB71-4221-BAAB-BEF1EC333310}"
EndProject
Project("{9A19103F-16F7-4668-BE54-9A1E7A4F7556}") = "Ant 3 Arena", "AntArena\Ant 3 Arena.csproj", "{8CB5C482-BB61-4FA3-A3FE-AE4EB67EEFBB}"
EndProject
Project("{FAE04EC0-301F-11D3-BF4B-00C04F79EFBC}") = "AntArena.Tests", "AntArena.Tests\AntArena.Tests.csproj", "{652AAAB1-CAAB-44BC-9004-4E8471E8F391}"
EndProject
Global
	GlobalSection(SolutionConfigurationPlatforms) = preSolution
		Debug|Any CPU = Debug|Any CPU
		Release|Any CPU = Release|Any CPU
	EndGlobalSection
	GlobalSection(ProjectConfigurationPlatforms) = postSolution
		{24EA3BD1-066F-4001-A029-CC79256D2795}.Debug|Any CPU.ActiveCfg = Debug|Any CPU
		{24EA3BD1-066F-4001-A029-CC79256D2795}.Debug|Any CPU.Build.0 = Debug|Any CPU
		{24EA3BD1-066F-4001-A029-CC79256D2795}.Release|Any CPU.ActiveCfg = Release|Any CPU
		{24EA3BD1-066F-4001-A029-CC79256D2795}.Release|Any CPU.Build.0 = Release|Any CPU
		{EDB2C2EB-BB71-4221-BAAB-BEF1EC333310}.Debug|Any CPU.ActiveCfg = Debug|Any CPU
		{EDB2C2EB-BB71-4221-BAAB-BEF1EC333310}.Debug|Any CPU.Build.0 = Debug|Any CPU
		{EDB2C2EB-BB71-4221-BAAB-BEF1EC333310}.Release|Any CPU.ActiveCfg = Release|Any CPU
		{EDB2C2EB-BB71-4221-BAAB-BEF1EC333310}.Release|Any CPU.Build.0 = Release|Any CPU
		{8CB5C482-BB61-4FA3-A3FE-AE4EB67EEFBB}.Debug|Any CPU.ActiveCfg = Debug|Any CPU
		{8CB5C482-BB61-4FA3-A3FE-AE4EB67EEFBB}.Debug|Any CPU.Build.0 = Debug|Any CPU
		{8CB5C482-BB61-4FA3-A3FE-AE4EB67EEFBB}.Release|Any CPU.ActiveCfg = Release|Any CPU
		{8CB5C482-BB61-4FA3-A3FE-AE4EB67EEFBB}.Release|Any CPU.Build.0 = Release|Any CPU
		{652AAAB1-CAAB-44BC-9004-4E8471E8F391}.Debug|Any CPU.ActiveCfg = Debug|Any CPU
		{652AAAB1-CAAB-44BC-9004-4E8471E8F391}.Debug|Any CPU.Build.0 = Debug|Any CPU
		{652AAAB1-CAAB-44BC-9004-4E8471E8F391}.Release|Any CPU.ActiveCfg = Release|Any CPU
		{652AAAB1-CAAB-44BC-9004-4E8471E8F391}.Release|Any CPU.Build.0 = Release|Any CPU
	EndGlobalSection
	GlobalSection(SolutionProperties) = preSolution
		HideSolutionNode = FALSE
	EndGlobalSection
	GlobalSection(ExtensibilityGlobals) = postSolution
		SolutionGuid = {AAA8CCBC-6A57-46CE-B01A-ADDC11FA9C29}
	EndGlobalSection
EndGlobal
